
Microsoft Visual Studio Solution File, Format Version 12.00
# Visual Studio Version 17
VisualStudioVersion = 17.6.33829.357
MinimumVisualStudioVersion = 10.0.40219.1
Project("{FAE04EC0-301F-11D3-BF4B-00C04F79EFBC}") = "JogoDaVelha", "JogoDaVelha\JogoDaVelha.csproj", "{1BE0E54F-9A82-4427-96DA-9F846363B300}"
EndProject
Global
	GlobalSection(SolutionConfigurationPlatforms) = preSolution
		Debug|Any CPU = Debug|Any CPU
		Release|Any CPU = Release|Any CPU
	EndGlobalSection
	GlobalSection(ProjectConfigurationPlatforms) = postSolution
		{1BE0E54F-9A82-4427-96DA-9F846363B300}.Debug|Any CPU.ActiveCfg = Debug|Any CPU
		{1BE0E54F-9A82-4427-96DA-9F846363B300}.Debug|Any CPU.Build.0 = Debug|Any CPU
		{1BE0E54F-9A82-4427-96DA-9F846363B300}.Release|Any CPU.ActiveCfg = Release|Any CPU
		{1BE0E54F-9A82-4427-96DA-9F846363B300}.Release|Any CPU.Build.0 = Release|Any CPU
	EndGlobalSection
	GlobalSection(SolutionProperties) = preSolution
		HideSolutionNode = FALSE
	EndGlobalSection
	GlobalSection(ExtensibilityGlobals) = postSolution
		SolutionGuid = {1F6612F7-F4E0-4B3C-BB21-D215CEBF2B4D}
	EndGlobalSection
EndGlobal
